{
  "object": {
    "pins": [
      {
        "package": "Swim",
        "repositoryURL": "https://github.com/t-ae/swim.git",
        "state": {
          "branch": null,
          "revision": "eb02e321e0c65237bb29dbd5991905069f69e3d5",
          "version": "3.3.2"
        }
      },
      {
        "package": "TensorBoardX",
        "repositoryURL": "https://github.com/t-ae/tensorboardx-s4tf.git",
        "state": {
          "branch": null,
          "revision": "ac27a0a8de454d802d66f412c75b0f746ef30700",
          "version": "0.0.3"
        }
      }
    ]
  },
  "version": 1
}
